// !$*UTF8*$!
{
	archiveVersion = 1;
	classes = {
	};
	objectVersion = 50;
	objects = {

/* Begin PBXBuildFile section */
		772D78FE24901C0100ED1DF4 /* LNCategoryViewController.swift in Sources */ = {isa = PBXBuildFile; fileRef = 772D78FD24901C0100ED1DF4 /* LNCategoryViewController.swift */; };
		772D790024904C4F00ED1DF4 /* LNWelcomeViewController.swift in Sources */ = {isa = PBXBuildFile; fileRef = 772D78FF24904C4F00ED1DF4 /* LNWelcomeViewController.swift */; };
		772D79022490836900ED1DF4 /* DEHomeViewController.swift in Sources */ = {isa = PBXBuildFile; fileRef = 772D79012490836800ED1DF4 /* DEHomeViewController.swift */; };
		772D79042497FF5C00ED1DF4 /* DECalendarMenuViewController.swift in Sources */ = {isa = PBXBuildFile; fileRef = 772D79032497FF5B00ED1DF4 /* DECalendarMenuViewController.swift */; };
		776DB27A2475AA8000386CAC /* LNCreateAccountViewCointroller.swift in Sources */ = {isa = PBXBuildFile; fileRef = 776DB2792475AA8000386CAC /* LNCreateAccountViewCointroller.swift */; };
		776DB27C2475EA4000386CAC /* LNTermsViewController.swift in Sources */ = {isa = PBXBuildFile; fileRef = 776DB27B2475EA4000386CAC /* LNTermsViewController.swift */; };
		776DB285247814F400386CAC /* GPHomeViewController.swift in Sources */ = {isa = PBXBuildFile; fileRef = 776DB284247814F400386CAC /* GPHomeViewController.swift */; };
		776DB288247862FF00386CAC /* GPInfoViewController.swift in Sources */ = {isa = PBXBuildFile; fileRef = 776DB287247862FF00386CAC /* GPInfoViewController.swift */; };
		7777EABC246EE6D600848384 /* AppDelegate.swift in Sources */ = {isa = PBXBuildFile; fileRef = 7777EABB246EE6D600848384 /* AppDelegate.swift */; };
		7777EABE246EE6D600848384 /* SceneDelegate.swift in Sources */ = {isa = PBXBuildFile; fileRef = 7777EABD246EE6D600848384 /* SceneDelegate.swift */; };
		7777EAC0246EE6D600848384 /* LNHomeViewController.swift in Sources */ = {isa = PBXBuildFile; fileRef = 7777EABF246EE6D600848384 /* LNHomeViewController.swift */; };
		7777EAC3246EE6D700848384 /* Main.storyboard in Resources */ = {isa = PBXBuildFile; fileRef = 7777EAC1246EE6D700848384 /* Main.storyboard */; };
		7777EAC6246EE6D700848384 /* CeroCaries.xcdatamodeld in Sources */ = {isa = PBXBuildFile; fileRef = 7777EAC4246EE6D700848384 /* CeroCaries.xcdatamodeld */; };
		7777EAC8246EE6DA00848384 /* Assets.xcassets in Resources */ = {isa = PBXBuildFile; fileRef = 7777EAC7246EE6DA00848384 /* Assets.xcassets */; };
		7777EACB246EE6DA00848384 /* LaunchScreen.storyboard in Resources */ = {isa = PBXBuildFile; fileRef = 7777EAC9246EE6DA00848384 /* LaunchScreen.storyboard */; };
		7777EAD6246EE6DB00848384 /* CeroCariesTests.swift in Sources */ = {isa = PBXBuildFile; fileRef = 7777EAD5246EE6DB00848384 /* CeroCariesTests.swift */; };
		7777EAE1246EE6DB00848384 /* CeroCariesUITests.swift in Sources */ = {isa = PBXBuildFile; fileRef = 7777EAE0246EE6DB00848384 /* CeroCariesUITests.swift */; };
		7777EAEF2473332600848384 /* LNLoginViewController.swift in Sources */ = {isa = PBXBuildFile; fileRef = 7777EAEE2473332500848384 /* LNLoginViewController.swift */; };
		7777EAF12474AC5400848384 /* LNRecoverPasswordViewController.swift in Sources */ = {isa = PBXBuildFile; fileRef = 7777EAF02474AC5200848384 /* LNRecoverPasswordViewController.swift */; };
		7777EAF32474C91C00848384 /* LNRecoverPassAlertViewController.swift in Sources */ = {isa = PBXBuildFile; fileRef = 7777EAF22474C91C00848384 /* LNRecoverPassAlertViewController.swift */; };
		777B15ED247C7019007D8877 /* GPInfoTableViewCell.swift in Sources */ = {isa = PBXBuildFile; fileRef = 777B15EC247C7019007D8877 /* GPInfoTableViewCell.swift */; };
		777B15EF247C9692007D8877 /* BaseViewController.swift in Sources */ = {isa = PBXBuildFile; fileRef = 777B15EE247C9692007D8877 /* BaseViewController.swift */; };
		777B162C2485BEAF007D8877 /* LNSlideMenuViewController.swift in Sources */ = {isa = PBXBuildFile; fileRef = 777B162B2485BEAF007D8877 /* LNSlideMenuViewController.swift */; };
		779B5E3924A6556400D87B1B /* NRHomeViewController.swift in Sources */ = {isa = PBXBuildFile; fileRef = 779B5E3824A6556300D87B1B /* NRHomeViewController.swift */; };
		779B5E3C24A666CC00D87B1B /* SLHomeViewController.swift in Sources */ = {isa = PBXBuildFile; fileRef = 779B5E3B24A666CB00D87B1B /* SLHomeViewController.swift */; };
		779B5E3E24A66BE700D87B1B /* SLInfoViewController.swift in Sources */ = {isa = PBXBuildFile; fileRef = 779B5E3D24A66BE700D87B1B /* SLInfoViewController.swift */; };
		779B5E4024A685FC00D87B1B /* SLInfoTableViewCell.swift in Sources */ = {isa = PBXBuildFile; fileRef = 779B5E3F24A685FC00D87B1B /* SLInfoTableViewCell.swift */; };
		779B5E4224A6A50500D87B1B /* NRInfoViewController.swift in Sources */ = {isa = PBXBuildFile; fileRef = 779B5E4124A6A50400D87B1B /* NRInfoViewController.swift */; };
		779B5E4424A6A93F00D87B1B /* NRInfoTableViewCell.swift in Sources */ = {isa = PBXBuildFile; fileRef = 779B5E4324A6A93F00D87B1B /* NRInfoTableViewCell.swift */; };
		779B5E4624AC19C000D87B1B /* GPCalendarViewController.swift in Sources */ = {isa = PBXBuildFile; fileRef = 779B5E4524AC19C000D87B1B /* GPCalendarViewController.swift */; };
		779B5E4824ACC81D00D87B1B /* GPCalendarComponent.swift in Sources */ = {isa = PBXBuildFile; fileRef = 779B5E4724ACC81C00D87B1B /* GPCalendarComponent.swift */; };
		779B5E4A24ACC87600D87B1B /* GPDateCollectionViewCell.swift in Sources */ = {isa = PBXBuildFile; fileRef = 779B5E4924ACC87600D87B1B /* GPDateCollectionViewCell.swift */; };
		779B5E4C24AD96BF00D87B1B /* GPCalendarDateViewController.swift in Sources */ = {isa = PBXBuildFile; fileRef = 779B5E4B24AD96BF00D87B1B /* GPCalendarDateViewController.swift */; };
		779B5E4E24AE733500D87B1B /* GPUploadProfileViewController.swift in Sources */ = {isa = PBXBuildFile; fileRef = 779B5E4D24AE733400D87B1B /* GPUploadProfileViewController.swift */; };
		779B5E7024B3C61A00D87B1B /* DECalendarViewController.swift in Sources */ = {isa = PBXBuildFile; fileRef = 779B5E6F24B3C61900D87B1B /* DECalendarViewController.swift */; };
		779B5E7224B3FF1E00D87B1B /* DEDateCollectionViewCell.swift in Sources */ = {isa = PBXBuildFile; fileRef = 779B5E7124B3FF1E00D87B1B /* DEDateCollectionViewCell.swift */; };
		77B1E4522486D5B900CE962A /* LNInstitutionsViewController.swift in Sources */ = {isa = PBXBuildFile; fileRef = 77B1E4512486D5B900CE962A /* LNInstitutionsViewController.swift */; };
		77B1E4542487557300CE962A /* GPChildrenViewController.swift in Sources */ = {isa = PBXBuildFile; fileRef = 77B1E4532487557300CE962A /* GPChildrenViewController.swift */; };
		77B1E456248EF66E00CE962A /* GPMedicalRecordViewController.swift in Sources */ = {isa = PBXBuildFile; fileRef = 77B1E455248EF66E00CE962A /* GPMedicalRecordViewController.swift */; };
		77B1E458248F089300CE962A /* LNSlideConfigViewController.swift in Sources */ = {isa = PBXBuildFile; fileRef = 77B1E457248F089300CE962A /* LNSlideConfigViewController.swift */; };
/* End PBXBuildFile section */

/* Begin PBXContainerItemProxy section */
		7777EAD2246EE6DB00848384 /* PBXContainerItemProxy */ = {
			isa = PBXContainerItemProxy;
			containerPortal = 7777EAB0246EE6D600848384 /* Project object */;
			proxyType = 1;
			remoteGlobalIDString = 7777EAB7246EE6D600848384;
			remoteInfo = CeroCaries;
		};
		7777EADD246EE6DB00848384 /* PBXContainerItemProxy */ = {
			isa = PBXContainerItemProxy;
			containerPortal = 7777EAB0246EE6D600848384 /* Project object */;
			proxyType = 1;
			remoteGlobalIDString = 7777EAB7246EE6D600848384;
			remoteInfo = CeroCaries;
		};
/* End PBXContainerItemProxy section */

/* Begin PBXFileReference section */
		772D78FD24901C0100ED1DF4 /* LNCategoryViewController.swift */ = {isa = PBXFileReference; lastKnownFileType = sourcecode.swift; path = LNCategoryViewController.swift; sourceTree = "<group>"; };
		772D78FF24904C4F00ED1DF4 /* LNWelcomeViewController.swift */ = {isa = PBXFileReference; lastKnownFileType = sourcecode.swift; path = LNWelcomeViewController.swift; sourceTree = "<group>"; };
		772D79012490836800ED1DF4 /* DEHomeViewController.swift */ = {isa = PBXFileReference; lastKnownFileType = sourcecode.swift; path = DEHomeViewController.swift; sourceTree = "<group>"; };
		772D79032497FF5B00ED1DF4 /* DECalendarMenuViewController.swift */ = {isa = PBXFileReference; lastKnownFileType = sourcecode.swift; path = DECalendarMenuViewController.swift; sourceTree = "<group>"; };
		776DB2792475AA8000386CAC /* LNCreateAccountViewCointroller.swift */ = {isa = PBXFileReference; lastKnownFileType = sourcecode.swift; path = LNCreateAccountViewCointroller.swift; sourceTree = "<group>"; };
		776DB27B2475EA4000386CAC /* LNTermsViewController.swift */ = {isa = PBXFileReference; lastKnownFileType = sourcecode.swift; path = LNTermsViewController.swift; sourceTree = "<group>"; };
		776DB284247814F400386CAC /* GPHomeViewController.swift */ = {isa = PBXFileReference; lastKnownFileType = sourcecode.swift; path = GPHomeViewController.swift; sourceTree = "<group>"; };
		776DB287247862FF00386CAC /* GPInfoViewController.swift */ = {isa = PBXFileReference; lastKnownFileType = sourcecode.swift; path = GPInfoViewController.swift; sourceTree = "<group>"; };
		7777EAB8246EE6D600848384 /* CeroCaries.app */ = {isa = PBXFileReference; explicitFileType = wrapper.application; includeInIndex = 0; path = CeroCaries.app; sourceTree = BUILT_PRODUCTS_DIR; };
		7777EABB246EE6D600848384 /* AppDelegate.swift */ = {isa = PBXFileReference; lastKnownFileType = sourcecode.swift; path = AppDelegate.swift; sourceTree = "<group>"; };
		7777EABD246EE6D600848384 /* SceneDelegate.swift */ = {isa = PBXFileReference; lastKnownFileType = sourcecode.swift; path = SceneDelegate.swift; sourceTree = "<group>"; };
		7777EABF246EE6D600848384 /* LNHomeViewController.swift */ = {isa = PBXFileReference; lastKnownFileType = sourcecode.swift; path = LNHomeViewController.swift; sourceTree = "<group>"; };
		7777EAC2246EE6D700848384 /* Base */ = {isa = PBXFileReference; lastKnownFileType = file.storyboard; name = Base; path = Base.lproj/Main.storyboard; sourceTree = "<group>"; };
		7777EAC5246EE6D700848384 /* CeroCaries.xcdatamodel */ = {isa = PBXFileReference; lastKnownFileType = wrapper.xcdatamodel; path = CeroCaries.xcdatamodel; sourceTree = "<group>"; };
		7777EAC7246EE6DA00848384 /* Assets.xcassets */ = {isa = PBXFileReference; lastKnownFileType = folder.assetcatalog; path = Assets.xcassets; sourceTree = "<group>"; };
		7777EACA246EE6DA00848384 /* Base */ = {isa = PBXFileReference; lastKnownFileType = file.storyboard; name = Base; path = Base.lproj/LaunchScreen.storyboard; sourceTree = "<group>"; };
		7777EACC246EE6DA00848384 /* Info.plist */ = {isa = PBXFileReference; lastKnownFileType = text.plist.xml; path = Info.plist; sourceTree = "<group>"; };
		7777EAD1246EE6DB00848384 /* CeroCariesTests.xctest */ = {isa = PBXFileReference; explicitFileType = wrapper.cfbundle; includeInIndex = 0; path = CeroCariesTests.xctest; sourceTree = BUILT_PRODUCTS_DIR; };
		7777EAD5246EE6DB00848384 /* CeroCariesTests.swift */ = {isa = PBXFileReference; lastKnownFileType = sourcecode.swift; path = CeroCariesTests.swift; sourceTree = "<group>"; };
		7777EAD7246EE6DB00848384 /* Info.plist */ = {isa = PBXFileReference; lastKnownFileType = text.plist.xml; path = Info.plist; sourceTree = "<group>"; };
		7777EADC246EE6DB00848384 /* CeroCariesUITests.xctest */ = {isa = PBXFileReference; explicitFileType = wrapper.cfbundle; includeInIndex = 0; path = CeroCariesUITests.xctest; sourceTree = BUILT_PRODUCTS_DIR; };
		7777EAE0246EE6DB00848384 /* CeroCariesUITests.swift */ = {isa = PBXFileReference; lastKnownFileType = sourcecode.swift; path = CeroCariesUITests.swift; sourceTree = "<group>"; };
		7777EAE2246EE6DB00848384 /* Info.plist */ = {isa = PBXFileReference; lastKnownFileType = text.plist.xml; path = Info.plist; sourceTree = "<group>"; };
		7777EAEE2473332500848384 /* LNLoginViewController.swift */ = {isa = PBXFileReference; lastKnownFileType = sourcecode.swift; path = LNLoginViewController.swift; sourceTree = "<group>"; };
		7777EAF02474AC5200848384 /* LNRecoverPasswordViewController.swift */ = {isa = PBXFileReference; lastKnownFileType = sourcecode.swift; path = LNRecoverPasswordViewController.swift; sourceTree = "<group>"; };
		7777EAF22474C91C00848384 /* LNRecoverPassAlertViewController.swift */ = {isa = PBXFileReference; lastKnownFileType = sourcecode.swift; path = LNRecoverPassAlertViewController.swift; sourceTree = "<group>"; };
		777B15EC247C7019007D8877 /* GPInfoTableViewCell.swift */ = {isa = PBXFileReference; lastKnownFileType = sourcecode.swift; path = GPInfoTableViewCell.swift; sourceTree = "<group>"; };
		777B15EE247C9692007D8877 /* BaseViewController.swift */ = {isa = PBXFileReference; lastKnownFileType = sourcecode.swift; path = BaseViewController.swift; sourceTree = "<group>"; };
		777B162B2485BEAF007D8877 /* LNSlideMenuViewController.swift */ = {isa = PBXFileReference; lastKnownFileType = sourcecode.swift; path = LNSlideMenuViewController.swift; sourceTree = "<group>"; };
		779B5E3824A6556300D87B1B /* NRHomeViewController.swift */ = {isa = PBXFileReference; lastKnownFileType = sourcecode.swift; path = NRHomeViewController.swift; sourceTree = "<group>"; };
		779B5E3B24A666CB00D87B1B /* SLHomeViewController.swift */ = {isa = PBXFileReference; lastKnownFileType = sourcecode.swift; path = SLHomeViewController.swift; sourceTree = "<group>"; };
		779B5E3D24A66BE700D87B1B /* SLInfoViewController.swift */ = {isa = PBXFileReference; lastKnownFileType = sourcecode.swift; path = SLInfoViewController.swift; sourceTree = "<group>"; };
		779B5E3F24A685FC00D87B1B /* SLInfoTableViewCell.swift */ = {isa = PBXFileReference; lastKnownFileType = sourcecode.swift; path = SLInfoTableViewCell.swift; sourceTree = "<group>"; };
		779B5E4124A6A50400D87B1B /* NRInfoViewController.swift */ = {isa = PBXFileReference; lastKnownFileType = sourcecode.swift; path = NRInfoViewController.swift; sourceTree = "<group>"; };
		779B5E4324A6A93F00D87B1B /* NRInfoTableViewCell.swift */ = {isa = PBXFileReference; lastKnownFileType = sourcecode.swift; path = NRInfoTableViewCell.swift; sourceTree = "<group>"; };
		779B5E4524AC19C000D87B1B /* GPCalendarViewController.swift */ = {isa = PBXFileReference; lastKnownFileType = sourcecode.swift; path = GPCalendarViewController.swift; sourceTree = "<group>"; };
		779B5E4724ACC81C00D87B1B /* GPCalendarComponent.swift */ = {isa = PBXFileReference; lastKnownFileType = sourcecode.swift; path = GPCalendarComponent.swift; sourceTree = "<group>"; };
		779B5E4924ACC87600D87B1B /* GPDateCollectionViewCell.swift */ = {isa = PBXFileReference; lastKnownFileType = sourcecode.swift; path = GPDateCollectionViewCell.swift; sourceTree = "<group>"; };
		779B5E4B24AD96BF00D87B1B /* GPCalendarDateViewController.swift */ = {isa = PBXFileReference; lastKnownFileType = sourcecode.swift; path = GPCalendarDateViewController.swift; sourceTree = "<group>"; };
		779B5E4D24AE733400D87B1B /* GPUploadProfileViewController.swift */ = {isa = PBXFileReference; lastKnownFileType = sourcecode.swift; path = GPUploadProfileViewController.swift; sourceTree = "<group>"; };
		779B5E6F24B3C61900D87B1B /* DECalendarViewController.swift */ = {isa = PBXFileReference; lastKnownFileType = sourcecode.swift; path = DECalendarViewController.swift; sourceTree = "<group>"; };
		779B5E7124B3FF1E00D87B1B /* DEDateCollectionViewCell.swift */ = {isa = PBXFileReference; lastKnownFileType = sourcecode.swift; path = DEDateCollectionViewCell.swift; sourceTree = "<group>"; };
		77B1E4512486D5B900CE962A /* LNInstitutionsViewController.swift */ = {isa = PBXFileReference; lastKnownFileType = sourcecode.swift; path = LNInstitutionsViewController.swift; sourceTree = "<group>"; };
		77B1E4532487557300CE962A /* GPChildrenViewController.swift */ = {isa = PBXFileReference; lastKnownFileType = sourcecode.swift; path = GPChildrenViewController.swift; sourceTree = "<group>"; };
		77B1E455248EF66E00CE962A /* GPMedicalRecordViewController.swift */ = {isa = PBXFileReference; lastKnownFileType = sourcecode.swift; path = GPMedicalRecordViewController.swift; sourceTree = "<group>"; };
		77B1E457248F089300CE962A /* LNSlideConfigViewController.swift */ = {isa = PBXFileReference; lastKnownFileType = sourcecode.swift; path = LNSlideConfigViewController.swift; sourceTree = "<group>"; };
/* End PBXFileReference section */

/* Begin PBXFrameworksBuildPhase section */
		7777EAB5246EE6D600848384 /* Frameworks */ = {
			isa = PBXFrameworksBuildPhase;
			buildActionMask = 2147483647;
			files = (
			);
			runOnlyForDeploymentPostprocessing = 0;
		};
		7777EACE246EE6DB00848384 /* Frameworks */ = {
			isa = PBXFrameworksBuildPhase;
			buildActionMask = 2147483647;
			files = (
			);
			runOnlyForDeploymentPostprocessing = 0;
		};
		7777EAD9246EE6DB00848384 /* Frameworks */ = {
			isa = PBXFrameworksBuildPhase;
			buildActionMask = 2147483647;
			files = (
			);
			runOnlyForDeploymentPostprocessing = 0;
		};
/* End PBXFrameworksBuildPhase section */

/* Begin PBXGroup section */
		776DB27D247807DE00386CAC /* Controllers */ = {
			isa = PBXGroup;
			children = (
				779B5E3A24A6662E00D87B1B /* School */,
				776DB27E2478083800386CAC /* LogIn */,
				776DB2832478148900386CAC /* GeneralPublic */,
				777B162E24862F65007D8877 /* NoRegister */,
				777B162D24862EB8007D8877 /* Dentist */,
			);
			path = Controllers;
			sourceTree = "<group>";
		};
		776DB27E2478083800386CAC /* LogIn */ = {
			isa = PBXGroup;
			children = (
				7777EABF246EE6D600848384 /* LNHomeViewController.swift */,
				7777EAF02474AC5200848384 /* LNRecoverPasswordViewController.swift */,
				7777EAEE2473332500848384 /* LNLoginViewController.swift */,
				7777EAF22474C91C00848384 /* LNRecoverPassAlertViewController.swift */,
				776DB2792475AA8000386CAC /* LNCreateAccountViewCointroller.swift */,
				776DB27B2475EA4000386CAC /* LNTermsViewController.swift */,
				77B1E4512486D5B900CE962A /* LNInstitutionsViewController.swift */,
				777B162B2485BEAF007D8877 /* LNSlideMenuViewController.swift */,
				77B1E457248F089300CE962A /* LNSlideConfigViewController.swift */,
				772D78FD24901C0100ED1DF4 /* LNCategoryViewController.swift */,
				772D78FF24904C4F00ED1DF4 /* LNWelcomeViewController.swift */,
			);
			path = LogIn;
			sourceTree = "<group>";
		};
		776DB27F24780BAD00386CAC /* Views */ = {
			isa = PBXGroup;
			children = (
				7777EAC1246EE6D700848384 /* Main.storyboard */,
			);
			path = Views;
			sourceTree = "<group>";
		};
		776DB2832478148900386CAC /* GeneralPublic */ = {
			isa = PBXGroup;
			children = (
				776DB287247862FF00386CAC /* GPInfoViewController.swift */,
				777B15EC247C7019007D8877 /* GPInfoTableViewCell.swift */,
				776DB284247814F400386CAC /* GPHomeViewController.swift */,
				77B1E4532487557300CE962A /* GPChildrenViewController.swift */,
				77B1E455248EF66E00CE962A /* GPMedicalRecordViewController.swift */,
				779B5E4524AC19C000D87B1B /* GPCalendarViewController.swift */,
				779B5E4724ACC81C00D87B1B /* GPCalendarComponent.swift */,
				779B5E4924ACC87600D87B1B /* GPDateCollectionViewCell.swift */,
				779B5E4B24AD96BF00D87B1B /* GPCalendarDateViewController.swift */,
				779B5E4D24AE733400D87B1B /* GPUploadProfileViewController.swift */,
			);
			path = GeneralPublic;
			sourceTree = "<group>";
		};
		7777EAAF246EE6D600848384 = {
			isa = PBXGroup;
			children = (
				7777EABA246EE6D600848384 /* CeroCaries */,
				7777EAD4246EE6DB00848384 /* CeroCariesTests */,
				7777EADF246EE6DB00848384 /* CeroCariesUITests */,
				7777EAB9246EE6D600848384 /* Products */,
			);
			sourceTree = "<group>";
		};
		7777EAB9246EE6D600848384 /* Products */ = {
			isa = PBXGroup;
			children = (
				7777EAB8246EE6D600848384 /* CeroCaries.app */,
				7777EAD1246EE6DB00848384 /* CeroCariesTests.xctest */,
				7777EADC246EE6DB00848384 /* CeroCariesUITests.xctest */,
			);
			name = Products;
			sourceTree = "<group>";
		};
		7777EABA246EE6D600848384 /* CeroCaries */ = {
			isa = PBXGroup;
			children = (
				776DB27F24780BAD00386CAC /* Views */,
				776DB27D247807DE00386CAC /* Controllers */,
				7777EABB246EE6D600848384 /* AppDelegate.swift */,
				7777EABD246EE6D600848384 /* SceneDelegate.swift */,
				777B15EE247C9692007D8877 /* BaseViewController.swift */,
				7777EAC7246EE6DA00848384 /* Assets.xcassets */,
				7777EAC9246EE6DA00848384 /* LaunchScreen.storyboard */,
				7777EACC246EE6DA00848384 /* Info.plist */,
				7777EAC4246EE6D700848384 /* CeroCaries.xcdatamodeld */,
			);
			path = CeroCaries;
			sourceTree = "<group>";
		};
		7777EAD4246EE6DB00848384 /* CeroCariesTests */ = {
			isa = PBXGroup;
			children = (
				7777EAD5246EE6DB00848384 /* CeroCariesTests.swift */,
				7777EAD7246EE6DB00848384 /* Info.plist */,
			);
			path = CeroCariesTests;
			sourceTree = "<group>";
		};
		7777EADF246EE6DB00848384 /* CeroCariesUITests */ = {
			isa = PBXGroup;
			children = (
				7777EAE0246EE6DB00848384 /* CeroCariesUITests.swift */,
				7777EAE2246EE6DB00848384 /* Info.plist */,
			);
			path = CeroCariesUITests;
			sourceTree = "<group>";
		};
		777B162D24862EB8007D8877 /* Dentist */ = {
			isa = PBXGroup;
			children = (
				772D79012490836800ED1DF4 /* DEHomeViewController.swift */,
				772D79032497FF5B00ED1DF4 /* DECalendarMenuViewController.swift */,
				779B5E6F24B3C61900D87B1B /* DECalendarViewController.swift */,
				779B5E7124B3FF1E00D87B1B /* DEDateCollectionViewCell.swift */,
			);
			path = Dentist;
			sourceTree = "<group>";
		};
		777B162E24862F65007D8877 /* NoRegister */ = {
			isa = PBXGroup;
			children = (
				779B5E3824A6556300D87B1B /* NRHomeViewController.swift */,
				779B5E4124A6A50400D87B1B /* NRInfoViewController.swift */,
				779B5E4324A6A93F00D87B1B /* NRInfoTableViewCell.swift */,
			);
			path = NoRegister;
			sourceTree = "<group>";
		};
		779B5E3A24A6662E00D87B1B /* School */ = {
			isa = PBXGroup;
			children = (
				779B5E3B24A666CB00D87B1B /* SLHomeViewController.swift */,
				779B5E3D24A66BE700D87B1B /* SLInfoViewController.swift */,
				779B5E3F24A685FC00D87B1B /* SLInfoTableViewCell.swift */,
			);
			path = School;
			sourceTree = "<group>";
		};
/* End PBXGroup section */

/* Begin PBXNativeTarget section */
		7777EAB7246EE6D600848384 /* CeroCaries */ = {
			isa = PBXNativeTarget;
			buildConfigurationList = 7777EAE5246EE6DC00848384 /* Build configuration list for PBXNativeTarget "CeroCaries" */;
			buildPhases = (
				7777EAB4246EE6D600848384 /* Sources */,
				7777EAB5246EE6D600848384 /* Frameworks */,
				7777EAB6246EE6D600848384 /* Resources */,
			);
			buildRules = (
			);
			dependencies = (
			);
			name = CeroCaries;
			productName = CeroCaries;
			productReference = 7777EAB8246EE6D600848384 /* CeroCaries.app */;
			productType = "com.apple.product-type.application";
		};
		7777EAD0246EE6DB00848384 /* CeroCariesTests */ = {
			isa = PBXNativeTarget;
			buildConfigurationList = 7777EAE8246EE6DC00848384 /* Build configuration list for PBXNativeTarget "CeroCariesTests" */;
			buildPhases = (
				7777EACD246EE6DB00848384 /* Sources */,
				7777EACE246EE6DB00848384 /* Frameworks */,
				7777EACF246EE6DB00848384 /* Resources */,
			);
			buildRules = (
			);
			dependencies = (
				7777EAD3246EE6DB00848384 /* PBXTargetDependency */,
			);
			name = CeroCariesTests;
			productName = CeroCariesTests;
			productReference = 7777EAD1246EE6DB00848384 /* CeroCariesTests.xctest */;
			productType = "com.apple.product-type.bundle.unit-test";
		};
		7777EADB246EE6DB00848384 /* CeroCariesUITests */ = {
			isa = PBXNativeTarget;
			buildConfigurationList = 7777EAEB246EE6DC00848384 /* Build configuration list for PBXNativeTarget "CeroCariesUITests" */;
			buildPhases = (
				7777EAD8246EE6DB00848384 /* Sources */,
				7777EAD9246EE6DB00848384 /* Frameworks */,
				7777EADA246EE6DB00848384 /* Resources */,
			);
			buildRules = (
			);
			dependencies = (
				7777EADE246EE6DB00848384 /* PBXTargetDependency */,
			);
			name = CeroCariesUITests;
			productName = CeroCariesUITests;
			productReference = 7777EADC246EE6DB00848384 /* CeroCariesUITests.xctest */;
			productType = "com.apple.product-type.bundle.ui-testing";
		};
/* End PBXNativeTarget section */

/* Begin PBXProject section */
		7777EAB0246EE6D600848384 /* Project object */ = {
			isa = PBXProject;
			attributes = {
				LastSwiftUpdateCheck = 1130;
				LastUpgradeCheck = 1130;
				ORGANIZATIONNAME = "Ricardo Olea";
				TargetAttributes = {
					7777EAB7246EE6D600848384 = {
						CreatedOnToolsVersion = 11.3.1;
					};
					7777EAD0246EE6DB00848384 = {
						CreatedOnToolsVersion = 11.3.1;
						TestTargetID = 7777EAB7246EE6D600848384;
					};
					7777EADB246EE6DB00848384 = {
						CreatedOnToolsVersion = 11.3.1;
						TestTargetID = 7777EAB7246EE6D600848384;
					};
				};
			};
			buildConfigurationList = 7777EAB3246EE6D600848384 /* Build configuration list for PBXProject "CeroCaries" */;
			compatibilityVersion = "Xcode 9.3";
			developmentRegion = en;
			hasScannedForEncodings = 0;
			knownRegions = (
				en,
				Base,
			);
			mainGroup = 7777EAAF246EE6D600848384;
			productRefGroup = 7777EAB9246EE6D600848384 /* Products */;
			projectDirPath = "";
			projectRoot = "";
			targets = (
				7777EAB7246EE6D600848384 /* CeroCaries */,
				7777EAD0246EE6DB00848384 /* CeroCariesTests */,
				7777EADB246EE6DB00848384 /* CeroCariesUITests */,
			);
		};
/* End PBXProject section */

/* Begin PBXResourcesBuildPhase section */
		7777EAB6246EE6D600848384 /* Resources */ = {
			isa = PBXResourcesBuildPhase;
			buildActionMask = 2147483647;
			files = (
				7777EACB246EE6DA00848384 /* LaunchScreen.storyboard in Resources */,
				7777EAC8246EE6DA00848384 /* Assets.xcassets in Resources */,
				7777EAC3246EE6D700848384 /* Main.storyboard in Resources */,
			);
			runOnlyForDeploymentPostprocessing = 0;
		};
		7777EACF246EE6DB00848384 /* Resources */ = {
			isa = PBXResourcesBuildPhase;
			buildActionMask = 2147483647;
			files = (
			);
			runOnlyForDeploymentPostprocessing = 0;
		};
		7777EADA246EE6DB00848384 /* Resources */ = {
			isa = PBXResourcesBuildPhase;
			buildActionMask = 2147483647;
			files = (
			);
			runOnlyForDeploymentPostprocessing = 0;
		};
/* End PBXResourcesBuildPhase section */

/* Begin PBXSourcesBuildPhase section */
		7777EAB4246EE6D600848384 /* Sources */ = {
			isa = PBXSourcesBuildPhase;
			buildActionMask = 2147483647;
			files = (
				779B5E4024A685FC00D87B1B /* SLInfoTableViewCell.swift in Sources */,
				779B5E7024B3C61A00D87B1B /* DECalendarViewController.swift in Sources */,
				777B15EF247C9692007D8877 /* BaseViewController.swift in Sources */,
				779B5E4824ACC81D00D87B1B /* GPCalendarComponent.swift in Sources */,
				7777EAF12474AC5400848384 /* LNRecoverPasswordViewController.swift in Sources */,
				772D78FE24901C0100ED1DF4 /* LNCategoryViewController.swift in Sources */,
				776DB285247814F400386CAC /* GPHomeViewController.swift in Sources */,
				779B5E3C24A666CC00D87B1B /* SLHomeViewController.swift in Sources */,
				7777EAF32474C91C00848384 /* LNRecoverPassAlertViewController.swift in Sources */,
				779B5E7224B3FF1E00D87B1B /* DEDateCollectionViewCell.swift in Sources */,
				772D790024904C4F00ED1DF4 /* LNWelcomeViewController.swift in Sources */,
				772D79042497FF5C00ED1DF4 /* DECalendarMenuViewController.swift in Sources */,
				77B1E4522486D5B900CE962A /* LNInstitutionsViewController.swift in Sources */,
				776DB288247862FF00386CAC /* GPInfoViewController.swift in Sources */,
				7777EAC0246EE6D600848384 /* LNHomeViewController.swift in Sources */,
				7777EABC246EE6D600848384 /* AppDelegate.swift in Sources */,
				779B5E4E24AE733500D87B1B /* GPUploadProfileViewController.swift in Sources */,
				77B1E4542487557300CE962A /* GPChildrenViewController.swift in Sources */,
				777B162C2485BEAF007D8877 /* LNSlideMenuViewController.swift in Sources */,
				779B5E4424A6A93F00D87B1B /* NRInfoTableViewCell.swift in Sources */,
				779B5E4A24ACC87600D87B1B /* GPDateCollectionViewCell.swift in Sources */,
				776DB27C2475EA4000386CAC /* LNTermsViewController.swift in Sources */,
				7777EABE246EE6D600848384 /* SceneDelegate.swift in Sources */,
				779B5E3E24A66BE700D87B1B /* SLInfoViewController.swift in Sources */,
				77B1E456248EF66E00CE962A /* GPMedicalRecordViewController.swift in Sources */,
				7777EAEF2473332600848384 /* LNLoginViewController.swift in Sources */,
				779B5E4C24AD96BF00D87B1B /* GPCalendarDateViewController.swift in Sources */,
				779B5E3924A6556400D87B1B /* NRHomeViewController.swift in Sources */,
				777B15ED247C7019007D8877 /* GPInfoTableViewCell.swift in Sources */,
				779B5E4624AC19C000D87B1B /* GPCalendarViewController.swift in Sources */,
				776DB27A2475AA8000386CAC /* LNCreateAccountViewCointroller.swift in Sources */,
				772D79022490836900ED1DF4 /* DEHomeViewController.swift in Sources */,
				77B1E458248F089300CE962A /* LNSlideConfigViewController.swift in Sources */,
				7777EAC6246EE6D700848384 /* CeroCaries.xcdatamodeld in Sources */,
				779B5E4224A6A50500D87B1B /* NRInfoViewController.swift in Sources */,
			);
			runOnlyForDeploymentPostprocessing = 0;
		};
		7777EACD246EE6DB00848384 /* Sources */ = {
			isa = PBXSourcesBuildPhase;
			buildActionMask = 2147483647;
			files = (
				7777EAD6246EE6DB00848384 /* CeroCariesTests.swift in Sources */,
			);
			runOnlyForDeploymentPostprocessing = 0;
		};
		7777EAD8246EE6DB00848384 /* Sources */ = {
			isa = PBXSourcesBuildPhase;
			buildActionMask = 2147483647;
			files = (
				7777EAE1246EE6DB00848384 /* CeroCariesUITests.swift in Sources */,
			);
			runOnlyForDeploymentPostprocessing = 0;
		};
/* End PBXSourcesBuildPhase section */

/* Begin PBXTargetDependency section */
		7777EAD3246EE6DB00848384 /* PBXTargetDependency */ = {
			isa = PBXTargetDependency;
			target = 7777EAB7246EE6D600848384 /* CeroCaries */;
			targetProxy = 7777EAD2246EE6DB00848384 /* PBXContainerItemProxy */;
		};
		7777EADE246EE6DB00848384 /* PBXTargetDependency */ = {
			isa = PBXTargetDependency;
			target = 7777EAB7246EE6D600848384 /* CeroCaries */;
			targetProxy = 7777EADD246EE6DB00848384 /* PBXContainerItemProxy */;
		};
/* End PBXTargetDependency section */

/* Begin PBXVariantGroup section */
		7777EAC1246EE6D700848384 /* Main.storyboard */ = {
			isa = PBXVariantGroup;
			children = (
				7777EAC2246EE6D700848384 /* Base */,
			);
			name = Main.storyboard;
			sourceTree = "<group>";
		};
		7777EAC9246EE6DA00848384 /* LaunchScreen.storyboard */ = {
			isa = PBXVariantGroup;
			children = (
				7777EACA246EE6DA00848384 /* Base */,
			);
			name = LaunchScreen.storyboard;
			sourceTree = "<group>";
		};
/* End PBXVariantGroup section */

/* Begin XCBuildConfiguration section */
		7777EAE3246EE6DC00848384 /* Debug */ = {
			isa = XCBuildConfiguration;
			buildSettings = {
				ALWAYS_SEARCH_USER_PATHS = NO;
				CLANG_ANALYZER_NONNULL = YES;
				CLANG_ANALYZER_NUMBER_OBJECT_CONVERSION = YES_AGGRESSIVE;
				CLANG_CXX_LANGUAGE_STANDARD = "gnu++14";
				CLANG_CXX_LIBRARY = "libc++";
				CLANG_ENABLE_MODULES = YES;
				CLANG_ENABLE_OBJC_ARC = YES;
				CLANG_ENABLE_OBJC_WEAK = YES;
				CLANG_WARN_BLOCK_CAPTURE_AUTORELEASING = YES;
				CLANG_WARN_BOOL_CONVERSION = YES;
				CLANG_WARN_COMMA = YES;
				CLANG_WARN_CONSTANT_CONVERSION = YES;
				CLANG_WARN_DEPRECATED_OBJC_IMPLEMENTATIONS = YES;
				CLANG_WARN_DIRECT_OBJC_ISA_USAGE = YES_ERROR;
				CLANG_WARN_DOCUMENTATION_COMMENTS = YES;
				CLANG_WARN_EMPTY_BODY = YES;
				CLANG_WARN_ENUM_CONVERSION = YES;
				CLANG_WARN_INFINITE_RECURSION = YES;
				CLANG_WARN_INT_CONVERSION = YES;
				CLANG_WARN_NON_LITERAL_NULL_CONVERSION = YES;
				CLANG_WARN_OBJC_IMPLICIT_RETAIN_SELF = YES;
				CLANG_WARN_OBJC_LITERAL_CONVERSION = YES;
				CLANG_WARN_OBJC_ROOT_CLASS = YES_ERROR;
				CLANG_WARN_RANGE_LOOP_ANALYSIS = YES;
				CLANG_WARN_STRICT_PROTOTYPES = YES;
				CLANG_WARN_SUSPICIOUS_MOVE = YES;
				CLANG_WARN_UNGUARDED_AVAILABILITY = YES_AGGRESSIVE;
				CLANG_WARN_UNREACHABLE_CODE = YES;
				CLANG_WARN__DUPLICATE_METHOD_MATCH = YES;
				COPY_PHASE_STRIP = NO;
				DEBUG_INFORMATION_FORMAT = dwarf;
				ENABLE_STRICT_OBJC_MSGSEND = YES;
				ENABLE_TESTABILITY = YES;
				GCC_C_LANGUAGE_STANDARD = gnu11;
				GCC_DYNAMIC_NO_PIC = NO;
				GCC_NO_COMMON_BLOCKS = YES;
				GCC_OPTIMIZATION_LEVEL = 0;
				GCC_PREPROCESSOR_DEFINITIONS = (
					"DEBUG=1",
					"$(inherited)",
				);
				GCC_WARN_64_TO_32_BIT_CONVERSION = YES;
				GCC_WARN_ABOUT_RETURN_TYPE = YES_ERROR;
				GCC_WARN_UNDECLARED_SELECTOR = YES;
				GCC_WARN_UNINITIALIZED_AUTOS = YES_AGGRESSIVE;
				GCC_WARN_UNUSED_FUNCTION = YES;
				GCC_WARN_UNUSED_VARIABLE = YES;
				IPHONEOS_DEPLOYMENT_TARGET = 13.2;
				MTL_ENABLE_DEBUG_INFO = INCLUDE_SOURCE;
				MTL_FAST_MATH = YES;
				ONLY_ACTIVE_ARCH = YES;
				SDKROOT = iphoneos;
				SWIFT_ACTIVE_COMPILATION_CONDITIONS = DEBUG;
				SWIFT_OPTIMIZATION_LEVEL = "-Onone";
			};
			name = Debug;
		};
		7777EAE4246EE6DC00848384 /* Release */ = {
			isa = XCBuildConfiguration;
			buildSettings = {
				ALWAYS_SEARCH_USER_PATHS = NO;
				CLANG_ANALYZER_NONNULL = YES;
				CLANG_ANALYZER_NUMBER_OBJECT_CONVERSION = YES_AGGRESSIVE;
				CLANG_CXX_LANGUAGE_STANDARD = "gnu++14";
				CLANG_CXX_LIBRARY = "libc++";
				CLANG_ENABLE_MODULES = YES;
				CLANG_ENABLE_OBJC_ARC = YES;
				CLANG_ENABLE_OBJC_WEAK = YES;
				CLANG_WARN_BLOCK_CAPTURE_AUTORELEASING = YES;
				CLANG_WARN_BOOL_CONVERSION = YES;
				CLANG_WARN_COMMA = YES;
				CLANG_WARN_CONSTANT_CONVERSION = YES;
				CLANG_WARN_DEPRECATED_OBJC_IMPLEMENTATIONS = YES;
				CLANG_WARN_DIRECT_OBJC_ISA_USAGE = YES_ERROR;
				CLANG_WARN_DOCUMENTATION_COMMENTS = YES;
				CLANG_WARN_EMPTY_BODY = YES;
				CLANG_WARN_ENUM_CONVERSION = YES;
				CLANG_WARN_INFINITE_RECURSION = YES;
				CLANG_WARN_INT_CONVERSION = YES;
				CLANG_WARN_NON_LITERAL_NULL_CONVERSION = YES;
				CLANG_WARN_OBJC_IMPLICIT_RETAIN_SELF = YES;
				CLANG_WARN_OBJC_LITERAL_CONVERSION = YES;
				CLANG_WARN_OBJC_ROOT_CLASS = YES_ERROR;
				CLANG_WARN_RANGE_LOOP_ANALYSIS = YES;
				CLANG_WARN_STRICT_PROTOTYPES = YES;
				CLANG_WARN_SUSPICIOUS_MOVE = YES;
				CLANG_WARN_UNGUARDED_AVAILABILITY = YES_AGGRESSIVE;
				CLANG_WARN_UNREACHABLE_CODE = YES;
				CLANG_WARN__DUPLICATE_METHOD_MATCH = YES;
				COPY_PHASE_STRIP = NO;
				DEBUG_INFORMATION_FORMAT = "dwarf-with-dsym";
				ENABLE_NS_ASSERTIONS = NO;
				ENABLE_STRICT_OBJC_MSGSEND = YES;
				GCC_C_LANGUAGE_STANDARD = gnu11;
				GCC_NO_COMMON_BLOCKS = YES;
				GCC_WARN_64_TO_32_BIT_CONVERSION = YES;
				GCC_WARN_ABOUT_RETURN_TYPE = YES_ERROR;
				GCC_WARN_UNDECLARED_SELECTOR = YES;
				GCC_WARN_UNINITIALIZED_AUTOS = YES_AGGRESSIVE;
				GCC_WARN_UNUSED_FUNCTION = YES;
				GCC_WARN_UNUSED_VARIABLE = YES;
				IPHONEOS_DEPLOYMENT_TARGET = 13.2;
				MTL_ENABLE_DEBUG_INFO = NO;
				MTL_FAST_MATH = YES;
				SDKROOT = iphoneos;
				SWIFT_COMPILATION_MODE = wholemodule;
				SWIFT_OPTIMIZATION_LEVEL = "-O";
				VALIDATE_PRODUCT = YES;
			};
			name = Release;
		};
		7777EAE6246EE6DC00848384 /* Debug */ = {
			isa = XCBuildConfiguration;
			buildSettings = {
				ASSETCATALOG_COMPILER_APPICON_NAME = AppIcon;
				CODE_SIGN_STYLE = Automatic;
				DEVELOPMENT_TEAM = NC33XRP56U;
				INFOPLIST_FILE = CeroCaries/Info.plist;
				IPHONEOS_DEPLOYMENT_TARGET = 11.0;
				LD_RUNPATH_SEARCH_PATHS = (
					"$(inherited)",
					"@executable_path/Frameworks",
				);
				PRODUCT_BUNDLE_IDENTIFIER = com.amovildigital.CeroCaries;
				PRODUCT_NAME = "$(TARGET_NAME)";
				SWIFT_VERSION = 5.0;
				TARGETED_DEVICE_FAMILY = "1,2";
			};
			name = Debug;
		};
		7777EAE7246EE6DC00848384 /* Release */ = {
			isa = XCBuildConfiguration;
			buildSettings = {
				ASSETCATALOG_COMPILER_APPICON_NAME = AppIcon;
				CODE_SIGN_STYLE = Automatic;
				DEVELOPMENT_TEAM = NC33XRP56U;
				INFOPLIST_FILE = CeroCaries/Info.plist;
				IPHONEOS_DEPLOYMENT_TARGET = 11.0;
				LD_RUNPATH_SEARCH_PATHS = (
					"$(inherited)",
					"@executable_path/Frameworks",
				);
				PRODUCT_BUNDLE_IDENTIFIER = com.amovildigital.CeroCaries;
				PRODUCT_NAME = "$(TARGET_NAME)";
				SWIFT_VERSION = 5.0;
				TARGETED_DEVICE_FAMILY = "1,2";
			};
			name = Release;
		};
		7777EAE9246EE6DC00848384 /* Debug */ = {
			isa = XCBuildConfiguration;
			buildSettings = {
				ALWAYS_EMBED_SWIFT_STANDARD_LIBRARIES = YES;
				BUNDLE_LOADER = "$(TEST_HOST)";
				CODE_SIGN_STYLE = Automatic;
				DEVELOPMENT_TEAM = NC33XRP56U;
				INFOPLIST_FILE = CeroCariesTests/Info.plist;
				IPHONEOS_DEPLOYMENT_TARGET = 13.2;
				LD_RUNPATH_SEARCH_PATHS = (
					"$(inherited)",
					"@executable_path/Frameworks",
					"@loader_path/Frameworks",
				);
				PRODUCT_BUNDLE_IDENTIFIER = com.amovildigital.CeroCariesTests;
				PRODUCT_NAME = "$(TARGET_NAME)";
				SWIFT_VERSION = 5.0;
				TARGETED_DEVICE_FAMILY = "1,2";
				TEST_HOST = "$(BUILT_PRODUCTS_DIR)/CeroCaries.app/CeroCaries";
			};
			name = Debug;
		};
		7777EAEA246EE6DC00848384 /* Release */ = {
			isa = XCBuildConfiguration;
			buildSettings = {
				ALWAYS_EMBED_SWIFT_STANDARD_LIBRARIES = YES;
				BUNDLE_LOADER = "$(TEST_HOST)";
				CODE_SIGN_STYLE = Automatic;
				DEVELOPMENT_TEAM = NC33XRP56U;
				INFOPLIST_FILE = CeroCariesTests/Info.plist;
				IPHONEOS_DEPLOYMENT_TARGET = 13.2;
				LD_RUNPATH_SEARCH_PATHS = (
					"$(inherited)",
					"@executable_path/Frameworks",
					"@loader_path/Frameworks",
				);
				PRODUCT_BUNDLE_IDENTIFIER = com.amovildigital.CeroCariesTests;
				PRODUCT_NAME = "$(TARGET_NAME)";
				SWIFT_VERSION = 5.0;
				TARGETED_DEVICE_FAMILY = "1,2";
				TEST_HOST = "$(BUILT_PRODUCTS_DIR)/CeroCaries.app/CeroCaries";
			};
			name = Release;
		};
		7777EAEC246EE6DC00848384 /* Debug */ = {
			isa = XCBuildConfiguration;
			buildSettings = {
				ALWAYS_EMBED_SWIFT_STANDARD_LIBRARIES = YES;
				CODE_SIGN_STYLE = Automatic;
				DEVELOPMENT_TEAM = NC33XRP56U;
				INFOPLIST_FILE = CeroCariesUITests/Info.plist;
				LD_RUNPATH_SEARCH_PATHS = (
					"$(inherited)",
					"@executable_path/Frameworks",
					"@loader_path/Frameworks",
				);
				PRODUCT_BUNDLE_IDENTIFIER = com.amovildigital.CeroCariesUITests;
				PRODUCT_NAME = "$(TARGET_NAME)";
				SWIFT_VERSION = 5.0;
				TARGETED_DEVICE_FAMILY = "1,2";
				TEST_TARGET_NAME = CeroCaries;
			};
			name = Debug;
		};
		7777EAED246EE6DC00848384 /* Release */ = {
			isa = XCBuildConfiguration;
			buildSettings = {
				ALWAYS_EMBED_SWIFT_STANDARD_LIBRARIES = YES;
				CODE_SIGN_STYLE = Automatic;
				DEVELOPMENT_TEAM = NC33XRP56U;
				INFOPLIST_FILE = CeroCariesUITests/Info.plist;
				LD_RUNPATH_SEARCH_PATHS = (
					"$(inherited)",
					"@executable_path/Frameworks",
					"@loader_path/Frameworks",
				);
				PRODUCT_BUNDLE_IDENTIFIER = com.amovildigital.CeroCariesUITests;
				PRODUCT_NAME = "$(TARGET_NAME)";
				SWIFT_VERSION = 5.0;
				TARGETED_DEVICE_FAMILY = "1,2";
				TEST_TARGET_NAME = CeroCaries;
			};
			name = Release;
		};
/* End XCBuildConfiguration section */

/* Begin XCConfigurationList section */
		7777EAB3246EE6D600848384 /* Build configuration list for PBXProject "CeroCaries" */ = {
			isa = XCConfigurationList;
			buildConfigurations = (
				7777EAE3246EE6DC00848384 /* Debug */,
				7777EAE4246EE6DC00848384 /* Release */,
			);
			defaultConfigurationIsVisible = 0;
			defaultConfigurationName = Release;
		};
		7777EAE5246EE6DC00848384 /* Build configuration list for PBXNativeTarget "CeroCaries" */ = {
			isa = XCConfigurationList;
			buildConfigurations = (
				7777EAE6246EE6DC00848384 /* Debug */,
				7777EAE7246EE6DC00848384 /* Release */,
			);
			defaultConfigurationIsVisible = 0;
			defaultConfigurationName = Release;
		};
		7777EAE8246EE6DC00848384 /* Build configuration list for PBXNativeTarget "CeroCariesTests" */ = {
			isa = XCConfigurationList;
			buildConfigurations = (
				7777EAE9246EE6DC00848384 /* Debug */,
				7777EAEA246EE6DC00848384 /* Release */,
			);
			defaultConfigurationIsVisible = 0;
			defaultConfigurationName = Release;
		};
		7777EAEB246EE6DC00848384 /* Build configuration list for PBXNativeTarget "CeroCariesUITests" */ = {
			isa = XCConfigurationList;
			buildConfigurations = (
				7777EAEC246EE6DC00848384 /* Debug */,
				7777EAED246EE6DC00848384 /* Release */,
			);
			defaultConfigurationIsVisible = 0;
			defaultConfigurationName = Release;
		};
/* End XCConfigurationList section */

/* Begin XCVersionGroup section */
		7777EAC4246EE6D700848384 /* CeroCaries.xcdatamodeld */ = {
			isa = XCVersionGroup;
			children = (
				7777EAC5246EE6D700848384 /* CeroCaries.xcdatamodel */,
			);
			currentVersion = 7777EAC5246EE6D700848384 /* CeroCaries.xcdatamodel */;
			path = CeroCaries.xcdatamodeld;
			sourceTree = "<group>";
			versionGroupType = wrapper.xcdatamodel;
		};
/* End XCVersionGroup section */
	};
	rootObject = 7777EAB0246EE6D600848384 /* Project object */;
}
