// !$*UTF8*$!
{
	archiveVersion = 1;
	classes = {
	};
	objectVersion = 50;
	objects = {

/* Begin PBXBuildFile section */
		7777EABC246EE6D600848384 /* AppDelegate.swift in Sources */ = {isa = PBXBuildFile; fileRef = 7777EABB246EE6D600848384 /* AppDelegate.swift */; };
		7777EABE246EE6D600848384 /* SceneDelegate.swift in Sources */ = {isa = PBXBuildFile; fileRef = 7777EABD246EE6D600848384 /* SceneDelegate.swift */; };
		7777EAC0246EE6D600848384 /* ViewController.swift in Sources */ = {isa = PBXBuildFile; fileRef = 7777EABF246EE6D600848384 /* ViewController.swift */; };
		7777EAC3246EE6D700848384 /* Main.storyboard in Resources */ = {isa = PBXBuildFile; fileRef = 7777EAC1246EE6D700848384 /* Main.storyboard */; };
		7777EAC6246EE6D700848384 /* CeroCaries.xcdatamodeld in Sources */ = {isa = PBXBuildFile; fileRef = 7777EAC4246EE6D700848384 /* CeroCaries.xcdatamodeld */; };
		7777EAC8246EE6DA00848384 /* Assets.xcassets in Resources */ = {isa = PBXBuildFile; fileRef = 7777EAC7246EE6DA00848384 /* Assets.xcassets */; };
		7777EACB246EE6DA00848384 /* LaunchScreen.storyboard in Resources */ = {isa = PBXBuildFile; fileRef = 7777EAC9246EE6DA00848384 /* LaunchScreen.storyboard */; };
		7777EAD6246EE6DB00848384 /* CeroCariesTests.swift in Sources */ = {isa = PBXBuildFile; fileRef = 7777EAD5246EE6DB00848384 /* CeroCariesTests.swift */; };
		7777EAE1246EE6DB00848384 /* CeroCariesUITests.swift in Sources */ = {isa = PBXBuildFile; fileRef = 7777EAE0246EE6DB00848384 /* CeroCariesUITests.swift */; };
/* End PBXBuildFile section */

/* Begin PBXContainerItemProxy section */
		7777EAD2246EE6DB00848384 /* PBXContainerItemProxy */ = {
			isa = PBXContainerItemProxy;
			containerPortal = 7777EAB0246EE6D600848384 /* Project object */;
			proxyType = 1;
			remoteGlobalIDString = 7777EAB7246EE6D600848384;
			remoteInfo = CeroCaries;
		};
		7777EADD246EE6DB00848384 /* PBXContainerItemProxy */ = {
			isa = PBXContainerItemProxy;
			containerPortal = 7777EAB0246EE6D600848384 /* Project object */;
			proxyType = 1;
			remoteGlobalIDString = 7777EAB7246EE6D600848384;
			remoteInfo = CeroCaries;
		};
/* End PBXContainerItemProxy section */

/* Begin PBXFileReference section */
		7777EAB8246EE6D600848384 /* CeroCaries.app */ = {isa = PBXFileReference; explicitFileType = wrapper.application; includeInIndex = 0; path = CeroCaries.app; sourceTree = BUILT_PRODUCTS_DIR; };
		7777EABB246EE6D600848384 /* AppDelegate.swift */ = {isa = PBXFileReference; lastKnownFileType = sourcecode.swift; path = AppDelegate.swift; sourceTree = "<group>"; };
		7777EABD246EE6D600848384 /* SceneDelegate.swift */ = {isa = PBXFileReference; lastKnownFileType = sourcecode.swift; path = SceneDelegate.swift; sourceTree = "<group>"; };
		7777EABF246EE6D600848384 /* ViewController.swift */ = {isa = PBXFileReference; lastKnownFileType = sourcecode.swift; path = ViewController.swift; sourceTree = "<group>"; };
		7777EAC2246EE6D700848384 /* Base */ = {isa = PBXFileReference; lastKnownFileType = file.storyboard; name = Base; path = Base.lproj/Main.storyboard; sourceTree = "<group>"; };
		7777EAC5246EE6D700848384 /* CeroCaries.xcdatamodel */ = {isa = PBXFileReference; lastKnownFileType = wrapper.xcdatamodel; path = CeroCaries.xcdatamodel; sourceTree = "<group>"; };
		7777EAC7246EE6DA00848384 /* Assets.xcassets */ = {isa = PBXFileReference; lastKnownFileType = folder.assetcatalog; path = Assets.xcassets; sourceTree = "<group>"; };
		7777EACA246EE6DA00848384 /* Base */ = {isa = PBXFileReference; lastKnownFileType = file.storyboard; name = Base; path = Base.lproj/LaunchScreen.storyboard; sourceTree = "<group>"; };
		7777EACC246EE6DA00848384 /* Info.plist */ = {isa = PBXFileReference; lastKnownFileType = text.plist.xml; path = Info.plist; sourceTree = "<group>"; };
		7777EAD1246EE6DB00848384 /* CeroCariesTests.xctest */ = {isa = PBXFileReference; explicitFileType = wrapper.cfbundle; includeInIndex = 0; path = CeroCariesTests.xctest; sourceTree = BUILT_PRODUCTS_DIR; };
		7777EAD5246EE6DB00848384 /* CeroCariesTests.swift */ = {isa = PBXFileReference; lastKnownFileType = sourcecode.swift; path = CeroCariesTests.swift; sourceTree = "<group>"; };
		7777EAD7246EE6DB00848384 /* Info.plist */ = {isa = PBXFileReference; lastKnownFileType = text.plist.xml; path = Info.plist; sourceTree = "<group>"; };
		7777EADC246EE6DB00848384 /* CeroCariesUITests.xctest */ = {isa = PBXFileReference; explicitFileType = wrapper.cfbundle; includeInIndex = 0; path = CeroCariesUITests.xctest; sourceTree = BUILT_PRODUCTS_DIR; };
		7777EAE0246EE6DB00848384 /* CeroCariesUITests.swift */ = {isa = PBXFileReference; lastKnownFileType = sourcecode.swift; path = CeroCariesUITests.swift; sourceTree = "<group>"; };
		7777EAE2246EE6DB00848384 /* Info.plist */ = {isa = PBXFileReference; lastKnownFileType = text.plist.xml; path = Info.plist; sourceTree = "<group>"; };
/* End PBXFileReference section */

/* Begin PBXFrameworksBuildPhase section */
		7777EAB5246EE6D600848384 /* Frameworks */ = {
			isa = PBXFrameworksBuildPhase;
			buildActionMask = 2147483647;
			files = (
			);
			runOnlyForDeploymentPostprocessing = 0;
		};
		7777EACE246EE6DB00848384 /* Frameworks */ = {
			isa = PBXFrameworksBuildPhase;
			buildActionMask = 2147483647;
			files = (
			);
			runOnlyForDeploymentPostprocessing = 0;
		};
		7777EAD9246EE6DB00848384 /* Frameworks */ = {
			isa = PBXFrameworksBuildPhase;
			buildActionMask = 2147483647;
			files = (
			);
			runOnlyForDeploymentPostprocessing = 0;
		};
/* End PBXFrameworksBuildPhase section */

/* Begin PBXGroup section */
		7777EAAF246EE6D600848384 = {
			isa = PBXGroup;
			children = (
				7777EABA246EE6D600848384 /* CeroCaries */,
				7777EAD4246EE6DB00848384 /* CeroCariesTests */,
				7777EADF246EE6DB00848384 /* CeroCariesUITests */,
				7777EAB9246EE6D600848384 /* Products */,
			);
			sourceTree = "<group>";
		};
		7777EAB9246EE6D600848384 /* Products */ = {
			isa = PBXGroup;
			children = (
				7777EAB8246EE6D600848384 /* CeroCaries.app */,
				7777EAD1246EE6DB00848384 /* CeroCariesTests.xctest */,
				7777EADC246EE6DB00848384 /* CeroCariesUITests.xctest */,
			);
			name = Products;
			sourceTree = "<group>";
		};
		7777EABA246EE6D600848384 /* CeroCaries */ = {
			isa = PBXGroup;
			children = (
				7777EABB246EE6D600848384 /* AppDelegate.swift */,
				7777EABD246EE6D600848384 /* SceneDelegate.swift */,
				7777EABF246EE6D600848384 /* ViewController.swift */,
				7777EAC1246EE6D700848384 /* Main.storyboard */,
				7777EAC7246EE6DA00848384 /* Assets.xcassets */,
				7777EAC9246EE6DA00848384 /* LaunchScreen.storyboard */,
				7777EACC246EE6DA00848384 /* Info.plist */,
				7777EAC4246EE6D700848384 /* CeroCaries.xcdatamodeld */,
			);
			path = CeroCaries;
			sourceTree = "<group>";
		};
		7777EAD4246EE6DB00848384 /* CeroCariesTests */ = {
			isa = PBXGroup;
			children = (
				7777EAD5246EE6DB00848384 /* CeroCariesTests.swift */,
				7777EAD7246EE6DB00848384 /* Info.plist */,
			);
			path = CeroCariesTests;
			sourceTree = "<group>";
		};
		7777EADF246EE6DB00848384 /* CeroCariesUITests */ = {
			isa = PBXGroup;
			children = (
				7777EAE0246EE6DB00848384 /* CeroCariesUITests.swift */,
				7777EAE2246EE6DB00848384 /* Info.plist */,
			);
			path = CeroCariesUITests;
			sourceTree = "<group>";
		};
/* End PBXGroup section */

/* Begin PBXNativeTarget section */
		7777EAB7246EE6D600848384 /* CeroCaries */ = {
			isa = PBXNativeTarget;
			buildConfigurationList = 7777EAE5246EE6DC00848384 /* Build configuration list for PBXNativeTarget "CeroCaries" */;
			buildPhases = (
				7777EAB4246EE6D600848384 /* Sources */,
				7777EAB5246EE6D600848384 /* Frameworks */,
				7777EAB6246EE6D600848384 /* Resources */,
			);
			buildRules = (
			);
			dependencies = (
			);
			name = CeroCaries;
			productName = CeroCaries;
			productReference = 7777EAB8246EE6D600848384 /* CeroCaries.app */;
			productType = "com.apple.product-type.application";
		};
		7777EAD0246EE6DB00848384 /* CeroCariesTests */ = {
			isa = PBXNativeTarget;
			buildConfigurationList = 7777EAE8246EE6DC00848384 /* Build configuration list for PBXNativeTarget "CeroCariesTests" */;
			buildPhases = (
				7777EACD246EE6DB00848384 /* Sources */,
				7777EACE246EE6DB00848384 /* Frameworks */,
				7777EACF246EE6DB00848384 /* Resources */,
			);
			buildRules = (
			);
			dependencies = (
				7777EAD3246EE6DB00848384 /* PBXTargetDependency */,
			);
			name = CeroCariesTests;
			productName = CeroCariesTests;
			productReference = 7777EAD1246EE6DB00848384 /* CeroCariesTests.xctest */;
			productType = "com.apple.product-type.bundle.unit-test";
		};
		7777EADB246EE6DB00848384 /* CeroCariesUITests */ = {
			isa = PBXNativeTarget;
			buildConfigurationList = 7777EAEB246EE6DC00848384 /* Build configuration list for PBXNativeTarget "CeroCariesUITests" */;
			buildPhases = (
				7777EAD8246EE6DB00848384 /* Sources */,
				7777EAD9246EE6DB00848384 /* Frameworks */,
				7777EADA246EE6DB00848384 /* Resources */,
			);
			buildRules = (
			);
			dependencies = (
				7777EADE246EE6DB00848384 /* PBXTargetDependency */,
			);
			name = CeroCariesUITests;
			productName = CeroCariesUITests;
			productReference = 7777EADC246EE6DB00848384 /* CeroCariesUITests.xctest */;
			productType = "com.apple.product-type.bundle.ui-testing";
		};
/* End PBXNativeTarget section */

/* Begin PBXProject section */
		7777EAB0246EE6D600848384 /* Project object */ = {
			isa = PBXProject;
			attributes = {
				LastSwiftUpdateCheck = 1130;
				LastUpgradeCheck = 1130;
				ORGANIZATIONNAME = "Ricardo Olea";
				TargetAttributes = {
					7777EAB7246EE6D600848384 = {
						CreatedOnToolsVersion = 11.3.1;
					};
					7777EAD0246EE6DB00848384 = {
						CreatedOnToolsVersion = 11.3.1;
						TestTargetID = 7777EAB7246EE6D600848384;
					};
					7777EADB246EE6DB00848384 = {
						CreatedOnToolsVersion = 11.3.1;
						TestTargetID = 7777EAB7246EE6D600848384;
					};
				};
			};
			buildConfigurationList = 7777EAB3246EE6D600848384 /* Build configuration list for PBXProject "CeroCaries" */;
			compatibilityVersion = "Xcode 9.3";
			developmentRegion = en;
			hasScannedForEncodings = 0;
			knownRegions = (
				en,
				Base,
			);
			mainGroup = 7777EAAF246EE6D600848384;
			productRefGroup = 7777EAB9246EE6D600848384 /* Products */;
			projectDirPath = "";
			projectRoot = "";
			targets = (
				7777EAB7246EE6D600848384 /* CeroCaries */,
				7777EAD0246EE6DB00848384 /* CeroCariesTests */,
				7777EADB246EE6DB00848384 /* CeroCariesUITests */,
			);
		};
/* End PBXProject section */

/* Begin PBXResourcesBuildPhase section */
		7777EAB6246EE6D600848384 /* Resources */ = {
			isa = PBXResourcesBuildPhase;
			buildActionMask = 2147483647;
			files = (
				7777EACB246EE6DA00848384 /* LaunchScreen.storyboard in Resources */,
				7777EAC8246EE6DA00848384 /* Assets.xcassets in Resources */,
				7777EAC3246EE6D700848384 /* Main.storyboard in Resources */,
			);
			runOnlyForDeploymentPostprocessing = 0;
		};
		7777EACF246EE6DB00848384 /* Resources */ = {
			isa = PBXResourcesBuildPhase;
			buildActionMask = 2147483647;
			files = (
			);
			runOnlyForDeploymentPostprocessing = 0;
		};
		7777EADA246EE6DB00848384 /* Resources */ = {
			isa = PBXResourcesBuildPhase;
			buildActionMask = 2147483647;
			files = (
			);
			runOnlyForDeploymentPostprocessing = 0;
		};
/* End PBXResourcesBuildPhase section */

/* Begin PBXSourcesBuildPhase section */
		7777EAB4246EE6D600848384 /* Sources */ = {
			isa = PBXSourcesBuildPhase;
			buildActionMask = 2147483647;
			files = (
				7777EAC0246EE6D600848384 /* ViewController.swift in Sources */,
				7777EABC246EE6D600848384 /* AppDelegate.swift in Sources */,
				7777EABE246EE6D600848384 /* SceneDelegate.swift in Sources */,
				7777EAC6246EE6D700848384 /* CeroCaries.xcdatamodeld in Sources */,
			);
			runOnlyForDeploymentPostprocessing = 0;
		};
		7777EACD246EE6DB00848384 /* Sources */ = {
			isa = PBXSourcesBuildPhase;
			buildActionMask = 2147483647;
			files = (
				7777EAD6246EE6DB00848384 /* CeroCariesTests.swift in Sources */,
			);
			runOnlyForDeploymentPostprocessing = 0;
		};
		7777EAD8246EE6DB00848384 /* Sources */ = {
			isa = PBXSourcesBuildPhase;
			buildActionMask = 2147483647;
			files = (
				7777EAE1246EE6DB00848384 /* CeroCariesUITests.swift in Sources */,
			);
			runOnlyForDeploymentPostprocessing = 0;
		};
/* End PBXSourcesBuildPhase section */

/* Begin PBXTargetDependency section */
		7777EAD3246EE6DB00848384 /* PBXTargetDependency */ = {
			isa = PBXTargetDependency;
			target = 7777EAB7246EE6D600848384 /* CeroCaries */;
			targetProxy = 7777EAD2246EE6DB00848384 /* PBXContainerItemProxy */;
		};
		7777EADE246EE6DB00848384 /* PBXTargetDependency */ = {
			isa = PBXTargetDependency;
			target = 7777EAB7246EE6D600848384 /* CeroCaries */;
			targetProxy = 7777EADD246EE6DB00848384 /* PBXContainerItemProxy */;
		};
/* End PBXTargetDependency section */

/* Begin PBXVariantGroup section */
		7777EAC1246EE6D700848384 /* Main.storyboard */ = {
			isa = PBXVariantGroup;
			children = (
				7777EAC2246EE6D700848384 /* Base */,
			);
			name = Main.storyboard;
			sourceTree = "<group>";
		};
		7777EAC9246EE6DA00848384 /* LaunchScreen.storyboard */ = {
			isa = PBXVariantGroup;
			children = (
				7777EACA246EE6DA00848384 /* Base */,
			);
			name = LaunchScreen.storyboard;
			sourceTree = "<group>";
		};
/* End PBXVariantGroup section */

/* Begin XCBuildConfiguration section */
		7777EAE3246EE6DC00848384 /* Debug */ = {
			isa = XCBuildConfiguration;
			buildSettings = {
				ALWAYS_SEARCH_USER_PATHS = NO;
				CLANG_ANALYZER_NONNULL = YES;
				CLANG_ANALYZER_NUMBER_OBJECT_CONVERSION = YES_AGGRESSIVE;
				CLANG_CXX_LANGUAGE_STANDARD = "gnu++14";
				CLANG_CXX_LIBRARY = "libc++";
				CLANG_ENABLE_MODULES = YES;
				CLANG_ENABLE_OBJC_ARC = YES;
				CLANG_ENABLE_OBJC_WEAK = YES;
				CLANG_WARN_BLOCK_CAPTURE_AUTORELEASING = YES;
				CLANG_WARN_BOOL_CONVERSION = YES;
				CLANG_WARN_COMMA = YES;
				CLANG_WARN_CONSTANT_CONVERSION = YES;
				CLANG_WARN_DEPRECATED_OBJC_IMPLEMENTATIONS = YES;
				CLANG_WARN_DIRECT_OBJC_ISA_USAGE = YES_ERROR;
				CLANG_WARN_DOCUMENTATION_COMMENTS = YES;
				CLANG_WARN_EMPTY_BODY = YES;
				CLANG_WARN_ENUM_CONVERSION = YES;
				CLANG_WARN_INFINITE_RECURSION = YES;
				CLANG_WARN_INT_CONVERSION = YES;
				CLANG_WARN_NON_LITERAL_NULL_CONVERSION = YES;
				CLANG_WARN_OBJC_IMPLICIT_RETAIN_SELF = YES;
				CLANG_WARN_OBJC_LITERAL_CONVERSION = YES;
				CLANG_WARN_OBJC_ROOT_CLASS = YES_ERROR;
				CLANG_WARN_RANGE_LOOP_ANALYSIS = YES;
				CLANG_WARN_STRICT_PROTOTYPES = YES;
				CLANG_WARN_SUSPICIOUS_MOVE = YES;
				CLANG_WARN_UNGUARDED_AVAILABILITY = YES_AGGRESSIVE;
				CLANG_WARN_UNREACHABLE_CODE = YES;
				CLANG_WARN__DUPLICATE_METHOD_MATCH = YES;
				COPY_PHASE_STRIP = NO;
				DEBUG_INFORMATION_FORMAT = dwarf;
				ENABLE_STRICT_OBJC_MSGSEND = YES;
				ENABLE_TESTABILITY = YES;
				GCC_C_LANGUAGE_STANDARD = gnu11;
				GCC_DYNAMIC_NO_PIC = NO;
				GCC_NO_COMMON_BLOCKS = YES;
				GCC_OPTIMIZATION_LEVEL = 0;
				GCC_PREPROCESSOR_DEFINITIONS = (
					"DEBUG=1",
					"$(inherited)",
				);
				GCC_WARN_64_TO_32_BIT_CONVERSION = YES;
				GCC_WARN_ABOUT_RETURN_TYPE = YES_ERROR;
				GCC_WARN_UNDECLARED_SELECTOR = YES;
				GCC_WARN_UNINITIALIZED_AUTOS = YES_AGGRESSIVE;
				GCC_WARN_UNUSED_FUNCTION = YES;
				GCC_WARN_UNUSED_VARIABLE = YES;
				IPHONEOS_DEPLOYMENT_TARGET = 13.2;
				MTL_ENABLE_DEBUG_INFO = INCLUDE_SOURCE;
				MTL_FAST_MATH = YES;
				ONLY_ACTIVE_ARCH = YES;
				SDKROOT = iphoneos;
				SWIFT_ACTIVE_COMPILATION_CONDITIONS = DEBUG;
				SWIFT_OPTIMIZATION_LEVEL = "-Onone";
			};
			name = Debug;
		};
		7777EAE4246EE6DC00848384 /* Release */ = {
			isa = XCBuildConfiguration;
			buildSettings = {
				ALWAYS_SEARCH_USER_PATHS = NO;
				CLANG_ANALYZER_NONNULL = YES;
				CLANG_ANALYZER_NUMBER_OBJECT_CONVERSION = YES_AGGRESSIVE;
				CLANG_CXX_LANGUAGE_STANDARD = "gnu++14";
				CLANG_CXX_LIBRARY = "libc++";
				CLANG_ENABLE_MODULES = YES;
				CLANG_ENABLE_OBJC_ARC = YES;
				CLANG_ENABLE_OBJC_WEAK = YES;
				CLANG_WARN_BLOCK_CAPTURE_AUTORELEASING = YES;
				CLANG_WARN_BOOL_CONVERSION = YES;
				CLANG_WARN_COMMA = YES;
				CLANG_WARN_CONSTANT_CONVERSION = YES;
				CLANG_WARN_DEPRECATED_OBJC_IMPLEMENTATIONS = YES;
				CLANG_WARN_DIRECT_OBJC_ISA_USAGE = YES_ERROR;
				CLANG_WARN_DOCUMENTATION_COMMENTS = YES;
				CLANG_WARN_EMPTY_BODY = YES;
				CLANG_WARN_ENUM_CONVERSION = YES;
				CLANG_WARN_INFINITE_RECURSION = YES;
				CLANG_WARN_INT_CONVERSION = YES;
				CLANG_WARN_NON_LITERAL_NULL_CONVERSION = YES;
				CLANG_WARN_OBJC_IMPLICIT_RETAIN_SELF = YES;
				CLANG_WARN_OBJC_LITERAL_CONVERSION = YES;
				CLANG_WARN_OBJC_ROOT_CLASS = YES_ERROR;
				CLANG_WARN_RANGE_LOOP_ANALYSIS = YES;
				CLANG_WARN_STRICT_PROTOTYPES = YES;
				CLANG_WARN_SUSPICIOUS_MOVE = YES;
				CLANG_WARN_UNGUARDED_AVAILABILITY = YES_AGGRESSIVE;
				CLANG_WARN_UNREACHABLE_CODE = YES;
				CLANG_WARN__DUPLICATE_METHOD_MATCH = YES;
				COPY_PHASE_STRIP = NO;
				DEBUG_INFORMATION_FORMAT = "dwarf-with-dsym";
				ENABLE_NS_ASSERTIONS = NO;
				ENABLE_STRICT_OBJC_MSGSEND = YES;
				GCC_C_LANGUAGE_STANDARD = gnu11;
				GCC_NO_COMMON_BLOCKS = YES;
				GCC_WARN_64_TO_32_BIT_CONVERSION = YES;
				GCC_WARN_ABOUT_RETURN_TYPE = YES_ERROR;
				GCC_WARN_UNDECLARED_SELECTOR = YES;
				GCC_WARN_UNINITIALIZED_AUTOS = YES_AGGRESSIVE;
				GCC_WARN_UNUSED_FUNCTION = YES;
				GCC_WARN_UNUSED_VARIABLE = YES;
				IPHONEOS_DEPLOYMENT_TARGET = 13.2;
				MTL_ENABLE_DEBUG_INFO = NO;
				MTL_FAST_MATH = YES;
				SDKROOT = iphoneos;
				SWIFT_COMPILATION_MODE = wholemodule;
				SWIFT_OPTIMIZATION_LEVEL = "-O";
				VALIDATE_PRODUCT = YES;
			};
			name = Release;
		};
		7777EAE6246EE6DC00848384 /* Debug */ = {
			isa = XCBuildConfiguration;
			buildSettings = {
				ASSETCATALOG_COMPILER_APPICON_NAME = AppIcon;
				CODE_SIGN_STYLE = Automatic;
				DEVELOPMENT_TEAM = NC33XRP56U;
				INFOPLIST_FILE = CeroCaries/Info.plist;
				LD_RUNPATH_SEARCH_PATHS = (
					"$(inherited)",
					"@executable_path/Frameworks",
				);
				PRODUCT_BUNDLE_IDENTIFIER = com.amovildigital.CeroCaries;
				PRODUCT_NAME = "$(TARGET_NAME)";
				SWIFT_VERSION = 5.0;
				TARGETED_DEVICE_FAMILY = "1,2";
			};
			name = Debug;
		};
		7777EAE7246EE6DC00848384 /* Release */ = {
			isa = XCBuildConfiguration;
			buildSettings = {
				ASSETCATALOG_COMPILER_APPICON_NAME = AppIcon;
				CODE_SIGN_STYLE = Automatic;
				DEVELOPMENT_TEAM = NC33XRP56U;
				INFOPLIST_FILE = CeroCaries/Info.plist;
				LD_RUNPATH_SEARCH_PATHS = (
					"$(inherited)",
					"@executable_path/Frameworks",
				);
				PRODUCT_BUNDLE_IDENTIFIER = com.amovildigital.CeroCaries;
				PRODUCT_NAME = "$(TARGET_NAME)";
				SWIFT_VERSION = 5.0;
				TARGETED_DEVICE_FAMILY = "1,2";
			};
			name = Release;
		};
		7777EAE9246EE6DC00848384 /* Debug */ = {
			isa = XCBuildConfiguration;
			buildSettings = {
				ALWAYS_EMBED_SWIFT_STANDARD_LIBRARIES = YES;
				BUNDLE_LOADER = "$(TEST_HOST)";
				CODE_SIGN_STYLE = Automatic;
				DEVELOPMENT_TEAM = NC33XRP56U;
				INFOPLIST_FILE = CeroCariesTests/Info.plist;
				IPHONEOS_DEPLOYMENT_TARGET = 13.2;
				LD_RUNPATH_SEARCH_PATHS = (
					"$(inherited)",
					"@executable_path/Frameworks",
					"@loader_path/Frameworks",
				);
				PRODUCT_BUNDLE_IDENTIFIER = com.amovildigital.CeroCariesTests;
				PRODUCT_NAME = "$(TARGET_NAME)";
				SWIFT_VERSION = 5.0;
				TARGETED_DEVICE_FAMILY = "1,2";
				TEST_HOST = "$(BUILT_PRODUCTS_DIR)/CeroCaries.app/CeroCaries";
			};
			name = Debug;
		};
		7777EAEA246EE6DC00848384 /* Release */ = {
			isa = XCBuildConfiguration;
			buildSettings = {
				ALWAYS_EMBED_SWIFT_STANDARD_LIBRARIES = YES;
				BUNDLE_LOADER = "$(TEST_HOST)";
				CODE_SIGN_STYLE = Automatic;
				DEVELOPMENT_TEAM = NC33XRP56U;
				INFOPLIST_FILE = CeroCariesTests/Info.plist;
				IPHONEOS_DEPLOYMENT_TARGET = 13.2;
				LD_RUNPATH_SEARCH_PATHS = (
					"$(inherited)",
					"@executable_path/Frameworks",
					"@loader_path/Frameworks",
				);
				PRODUCT_BUNDLE_IDENTIFIER = com.amovildigital.CeroCariesTests;
				PRODUCT_NAME = "$(TARGET_NAME)";
				SWIFT_VERSION = 5.0;
				TARGETED_DEVICE_FAMILY = "1,2";
				TEST_HOST = "$(BUILT_PRODUCTS_DIR)/CeroCaries.app/CeroCaries";
			};
			name = Release;
		};
		7777EAEC246EE6DC00848384 /* Debug */ = {
			isa = XCBuildConfiguration;
			buildSettings = {
				ALWAYS_EMBED_SWIFT_STANDARD_LIBRARIES = YES;
				CODE_SIGN_STYLE = Automatic;
				DEVELOPMENT_TEAM = NC33XRP56U;
				INFOPLIST_FILE = CeroCariesUITests/Info.plist;
				LD_RUNPATH_SEARCH_PATHS = (
					"$(inherited)",
					"@executable_path/Frameworks",
					"@loader_path/Frameworks",
				);
				PRODUCT_BUNDLE_IDENTIFIER = com.amovildigital.CeroCariesUITests;
				PRODUCT_NAME = "$(TARGET_NAME)";
				SWIFT_VERSION = 5.0;
				TARGETED_DEVICE_FAMILY = "1,2";
				TEST_TARGET_NAME = CeroCaries;
			};
			name = Debug;
		};
		7777EAED246EE6DC00848384 /* Release */ = {
			isa = XCBuildConfiguration;
			buildSettings = {
				ALWAYS_EMBED_SWIFT_STANDARD_LIBRARIES = YES;
				CODE_SIGN_STYLE = Automatic;
				DEVELOPMENT_TEAM = NC33XRP56U;
				INFOPLIST_FILE = CeroCariesUITests/Info.plist;
				LD_RUNPATH_SEARCH_PATHS = (
					"$(inherited)",
					"@executable_path/Frameworks",
					"@loader_path/Frameworks",
				);
				PRODUCT_BUNDLE_IDENTIFIER = com.amovildigital.CeroCariesUITests;
				PRODUCT_NAME = "$(TARGET_NAME)";
				SWIFT_VERSION = 5.0;
				TARGETED_DEVICE_FAMILY = "1,2";
				TEST_TARGET_NAME = CeroCaries;
			};
			name = Release;
		};
/* End XCBuildConfiguration section */

/* Begin XCConfigurationList section */
		7777EAB3246EE6D600848384 /* Build configuration list for PBXProject "CeroCaries" */ = {
			isa = XCConfigurationList;
			buildConfigurations = (
				7777EAE3246EE6DC00848384 /* Debug */,
				7777EAE4246EE6DC00848384 /* Release */,
			);
			defaultConfigurationIsVisible = 0;
			defaultConfigurationName = Release;
		};
		7777EAE5246EE6DC00848384 /* Build configuration list for PBXNativeTarget "CeroCaries" */ = {
			isa = XCConfigurationList;
			buildConfigurations = (
				7777EAE6246EE6DC00848384 /* Debug */,
				7777EAE7246EE6DC00848384 /* Release */,
			);
			defaultConfigurationIsVisible = 0;
			defaultConfigurationName = Release;
		};
		7777EAE8246EE6DC00848384 /* Build configuration list for PBXNativeTarget "CeroCariesTests" */ = {
			isa = XCConfigurationList;
			buildConfigurations = (
				7777EAE9246EE6DC00848384 /* Debug */,
				7777EAEA246EE6DC00848384 /* Release */,
			);
			defaultConfigurationIsVisible = 0;
			defaultConfigurationName = Release;
		};
		7777EAEB246EE6DC00848384 /* Build configuration list for PBXNativeTarget "CeroCariesUITests" */ = {
			isa = XCConfigurationList;
			buildConfigurations = (
				7777EAEC246EE6DC00848384 /* Debug */,
				7777EAED246EE6DC00848384 /* Release */,
			);
			defaultConfigurationIsVisible = 0;
			defaultConfigurationName = Release;
		};
/* End XCConfigurationList section */

/* Begin XCVersionGroup section */
		7777EAC4246EE6D700848384 /* CeroCaries.xcdatamodeld */ = {
			isa = XCVersionGroup;
			children = (
				7777EAC5246EE6D700848384 /* CeroCaries.xcdatamodel */,
			);
			currentVersion = 7777EAC5246EE6D700848384 /* CeroCaries.xcdatamodel */;
			path = CeroCaries.xcdatamodeld;
			sourceTree = "<group>";
			versionGroupType = wrapper.xcdatamodel;
		};
/* End XCVersionGroup section */
	};
	rootObject = 7777EAB0246EE6D600848384 /* Project object */;
}
